// !$*UTF8*$!
{
	archiveVersion = 1;
	classes = {
	};
	objectVersion = 46;
	objects = {

/* Begin PBXBuildFile section */
		E6A057A719764D640006A3B1 /* Foundation.framework in Frameworks */ = {isa = PBXBuildFile; fileRef = E6A057A619764D640006A3B1 /* Foundation.framework */; };
		E6A057A919764D640006A3B1 /* CoreGraphics.framework in Frameworks */ = {isa = PBXBuildFile; fileRef = E6A057A819764D640006A3B1 /* CoreGraphics.framework */; };
		E6A057AB19764D640006A3B1 /* UIKit.framework in Frameworks */ = {isa = PBXBuildFile; fileRef = E6A057AA19764D640006A3B1 /* UIKit.framework */; };
		E6A057B119764D640006A3B1 /* InfoPlist.strings in Resources */ = {isa = PBXBuildFile; fileRef = E6A057AF19764D640006A3B1 /* InfoPlist.strings */; };
		E6A057B319764D640006A3B1 /* main.m in Sources */ = {isa = PBXBuildFile; fileRef = E6A057B219764D640006A3B1 /* main.m */; };
		E6A057B719764D640006A3B1 /* AppDelegate.m in Sources */ = {isa = PBXBuildFile; fileRef = E6A057B619764D640006A3B1 /* AppDelegate.m */; };
		E6A057BA19764D640006A3B1 /* Main.storyboard in Resources */ = {isa = PBXBuildFile; fileRef = E6A057B819764D640006A3B1 /* Main.storyboard */; };
		E6A057BD19764D640006A3B1 /* ViewController.m in Sources */ = {isa = PBXBuildFile; fileRef = E6A057BC19764D640006A3B1 /* ViewController.m */; };
		E6A057BF19764D640006A3B1 /* Images.xcassets in Resources */ = {isa = PBXBuildFile; fileRef = E6A057BE19764D640006A3B1 /* Images.xcassets */; };
		E6A057C619764D640006A3B1 /* XCTest.framework in Frameworks */ = {isa = PBXBuildFile; fileRef = E6A057C519764D640006A3B1 /* XCTest.framework */; };
		E6A057C719764D640006A3B1 /* Foundation.framework in Frameworks */ = {isa = PBXBuildFile; fileRef = E6A057A619764D640006A3B1 /* Foundation.framework */; };
		E6A057C819764D640006A3B1 /* UIKit.framework in Frameworks */ = {isa = PBXBuildFile; fileRef = E6A057AA19764D640006A3B1 /* UIKit.framework */; };
		E6A057D019764D640006A3B1 /* InfoPlist.strings in Resources */ = {isa = PBXBuildFile; fileRef = E6A057CE19764D640006A3B1 /* InfoPlist.strings */; };
		E6A057D219764D640006A3B1 /* MailSendSampleTests.m in Sources */ = {isa = PBXBuildFile; fileRef = E6A057D119764D640006A3B1 /* MailSendSampleTests.m */; };
		E6DA368A197658130057843A /* UIAlertView+Blocks.m in Sources */ = {isa = PBXBuildFile; fileRef = E6DA3689197658130057843A /* UIAlertView+Blocks.m */; };
/* End PBXBuildFile section */

/* Begin PBXContainerItemProxy section */
		E6A057C919764D640006A3B1 /* PBXContainerItemProxy */ = {
			isa = PBXContainerItemProxy;
			containerPortal = E6A0579B19764D630006A3B1 /* Project object */;
			proxyType = 1;
			remoteGlobalIDString = E6A057A219764D640006A3B1;
			remoteInfo = MailSendSample;
		};
/* End PBXContainerItemProxy section */

/* Begin PBXFileReference section */
		E6A057A319764D640006A3B1 /* MailSendSample.app */ = {isa = PBXFileReference; explicitFileType = wrapper.application; includeInIndex = 0; path = MailSendSample.app; sourceTree = BUILT_PRODUCTS_DIR; };
		E6A057A619764D640006A3B1 /* Foundation.framework */ = {isa = PBXFileReference; lastKnownFileType = wrapper.framework; name = Foundation.framework; path = System/Library/Frameworks/Foundation.framework; sourceTree = SDKROOT; };
		E6A057A819764D640006A3B1 /* CoreGraphics.framework */ = {isa = PBXFileReference; lastKnownFileType = wrapper.framework; name = CoreGraphics.framework; path = System/Library/Frameworks/CoreGraphics.framework; sourceTree = SDKROOT; };
		E6A057AA19764D640006A3B1 /* UIKit.framework */ = {isa = PBXFileReference; lastKnownFileType = wrapper.framework; name = UIKit.framework; path = System/Library/Frameworks/UIKit.framework; sourceTree = SDKROOT; };
		E6A057AE19764D640006A3B1 /* MailSendSample-Info.plist */ = {isa = PBXFileReference; lastKnownFileType = text.plist.xml; path = "MailSendSample-Info.plist"; sourceTree = "<group>"; };
		E6A057B019764D640006A3B1 /* en */ = {isa = PBXFileReference; lastKnownFileType = text.plist.strings; name = en; path = en.lproj/InfoPlist.strings; sourceTree = "<group>"; };
		E6A057B219764D640006A3B1 /* main.m */ = {isa = PBXFileReference; lastKnownFileType = sourcecode.c.objc; path = main.m; sourceTree = "<group>"; };
		E6A057B419764D640006A3B1 /* MailSendSample-Prefix.pch */ = {isa = PBXFileReference; lastKnownFileType = sourcecode.c.h; path = "MailSendSample-Prefix.pch"; sourceTree = "<group>"; };
		E6A057B519764D640006A3B1 /* AppDelegate.h */ = {isa = PBXFileReference; lastKnownFileType = sourcecode.c.h; path = AppDelegate.h; sourceTree = "<group>"; };
		E6A057B619764D640006A3B1 /* AppDelegate.m */ = {isa = PBXFileReference; lastKnownFileType = sourcecode.c.objc; path = AppDelegate.m; sourceTree = "<group>"; };
		E6A057B919764D640006A3B1 /* Base */ = {isa = PBXFileReference; lastKnownFileType = file.storyboard; name = Base; path = Base.lproj/Main.storyboard; sourceTree = "<group>"; };
		E6A057BB19764D640006A3B1 /* ViewController.h */ = {isa = PBXFileReference; lastKnownFileType = sourcecode.c.h; path = ViewController.h; sourceTree = "<group>"; };
		E6A057BC19764D640006A3B1 /* ViewController.m */ = {isa = PBXFileReference; lastKnownFileType = sourcecode.c.objc; path = ViewController.m; sourceTree = "<group>"; };
		E6A057BE19764D640006A3B1 /* Images.xcassets */ = {isa = PBXFileReference; lastKnownFileType = folder.assetcatalog; path = Images.xcassets; sourceTree = "<group>"; };
		E6A057C419764D640006A3B1 /* MailSendSampleTests.xctest */ = {isa = PBXFileReference; explicitFileType = wrapper.cfbundle; includeInIndex = 0; path = MailSendSampleTests.xctest; sourceTree = BUILT_PRODUCTS_DIR; };
		E6A057C519764D640006A3B1 /* XCTest.framework */ = {isa = PBXFileReference; lastKnownFileType = wrapper.framework; name = XCTest.framework; path = Library/Frameworks/XCTest.framework; sourceTree = DEVELOPER_DIR; };
		E6A057CD19764D640006A3B1 /* MailSendSampleTests-Info.plist */ = {isa = PBXFileReference; lastKnownFileType = text.plist.xml; path = "MailSendSampleTests-Info.plist"; sourceTree = "<group>"; };
		E6A057CF19764D640006A3B1 /* en */ = {isa = PBXFileReference; lastKnownFileType = text.plist.strings; name = en; path = en.lproj/InfoPlist.strings; sourceTree = "<group>"; };
		E6A057D119764D640006A3B1 /* MailSendSampleTests.m */ = {isa = PBXFileReference; lastKnownFileType = sourcecode.c.objc; path = MailSendSampleTests.m; sourceTree = "<group>"; };
		E6DA3688197658130057843A /* UIAlertView+Blocks.h */ = {isa = PBXFileReference; fileEncoding = 4; lastKnownFileType = sourcecode.c.h; path = "UIAlertView+Blocks.h"; sourceTree = "<group>"; };
		E6DA3689197658130057843A /* UIAlertView+Blocks.m */ = {isa = PBXFileReference; fileEncoding = 4; lastKnownFileType = sourcecode.c.objc; path = "UIAlertView+Blocks.m"; sourceTree = "<group>"; };
/* End PBXFileReference section */

/* Begin PBXFrameworksBuildPhase section */
		E6A057A019764D640006A3B1 /* Frameworks */ = {
			isa = PBXFrameworksBuildPhase;
			buildActionMask = 2147483647;
			files = (
				E6A057A919764D640006A3B1 /* CoreGraphics.framework in Frameworks */,
				E6A057AB19764D640006A3B1 /* UIKit.framework in Frameworks */,
				E6A057A719764D640006A3B1 /* Foundation.framework in Frameworks */,
			);
			runOnlyForDeploymentPostprocessing = 0;
		};
		E6A057C119764D640006A3B1 /* Frameworks */ = {
			isa = PBXFrameworksBuildPhase;
			buildActionMask = 2147483647;
			files = (
				E6A057C619764D640006A3B1 /* XCTest.framework in Frameworks */,
				E6A057C819764D640006A3B1 /* UIKit.framework in Frameworks */,
				E6A057C719764D640006A3B1 /* Foundation.framework in Frameworks */,
			);
			runOnlyForDeploymentPostprocessing = 0;
		};
/* End PBXFrameworksBuildPhase section */

/* Begin PBXGroup section */
		E6A0579A19764D630006A3B1 = {
			isa = PBXGroup;
			children = (
				E6A057AC19764D640006A3B1 /* MailSendSample */,
				E6A057CB19764D640006A3B1 /* MailSendSampleTests */,
				E6A057A519764D640006A3B1 /* Frameworks */,
				E6A057A419764D640006A3B1 /* Products */,
			);
			sourceTree = "<group>";
		};
		E6A057A419764D640006A3B1 /* Products */ = {
			isa = PBXGroup;
			children = (
				E6A057A319764D640006A3B1 /* MailSendSample.app */,
				E6A057C419764D640006A3B1 /* MailSendSampleTests.xctest */,
			);
			name = Products;
			sourceTree = "<group>";
		};
		E6A057A519764D640006A3B1 /* Frameworks */ = {
			isa = PBXGroup;
			children = (
				E6A057A619764D640006A3B1 /* Foundation.framework */,
				E6A057A819764D640006A3B1 /* CoreGraphics.framework */,
				E6A057AA19764D640006A3B1 /* UIKit.framework */,
				E6A057C519764D640006A3B1 /* XCTest.framework */,
			);
			name = Frameworks;
			sourceTree = "<group>";
		};
		E6A057AC19764D640006A3B1 /* MailSendSample */ = {
			isa = PBXGroup;
			children = (
				E6A057B519764D640006A3B1 /* AppDelegate.h */,
				E6A057B619764D640006A3B1 /* AppDelegate.m */,
				E6A057B819764D640006A3B1 /* Main.storyboard */,
				E6A057BB19764D640006A3B1 /* ViewController.h */,
				E6A057BC19764D640006A3B1 /* ViewController.m */,
				E6A057BE19764D640006A3B1 /* Images.xcassets */,
				E6A057AD19764D640006A3B1 /* Supporting Files */,
				E6DA3688197658130057843A /* UIAlertView+Blocks.h */,
				E6DA3689197658130057843A /* UIAlertView+Blocks.m */,
			);
			path = MailSendSample;
			sourceTree = "<group>";
		};
		E6A057AD19764D640006A3B1 /* Supporting Files */ = {
			isa = PBXGroup;
			children = (
				E6A057AE19764D640006A3B1 /* MailSendSample-Info.plist */,
				E6A057AF19764D640006A3B1 /* InfoPlist.strings */,
				E6A057B219764D640006A3B1 /* main.m */,
				E6A057B419764D640006A3B1 /* MailSendSample-Prefix.pch */,
			);
			name = "Supporting Files";
			sourceTree = "<group>";
		};
		E6A057CB19764D640006A3B1 /* MailSendSampleTests */ = {
			isa = PBXGroup;
			children = (
				E6A057D119764D640006A3B1 /* MailSendSampleTests.m */,
				E6A057CC19764D640006A3B1 /* Supporting Files */,
			);
			path = MailSendSampleTests;
			sourceTree = "<group>";
		};
		E6A057CC19764D640006A3B1 /* Supporting Files */ = {
			isa = PBXGroup;
			children = (
				E6A057CD19764D640006A3B1 /* MailSendSampleTests-Info.plist */,
				E6A057CE19764D640006A3B1 /* InfoPlist.strings */,
			);
			name = "Supporting Files";
			sourceTree = "<group>";
		};
/* End PBXGroup section */

/* Begin PBXNativeTarget section */
		E6A057A219764D640006A3B1 /* MailSendSample */ = {
			isa = PBXNativeTarget;
			buildConfigurationList = E6A057D519764D640006A3B1 /* Build configuration list for PBXNativeTarget "MailSendSample" */;
			buildPhases = (
				E6A0579F19764D640006A3B1 /* Sources */,
				E6A057A019764D640006A3B1 /* Frameworks */,
				E6A057A119764D640006A3B1 /* Resources */,
			);
			buildRules = (
			);
			dependencies = (
			);
			name = MailSendSample;
			productName = MailSendSample;
			productReference = E6A057A319764D640006A3B1 /* MailSendSample.app */;
			productType = "com.apple.product-type.application";
		};
		E6A057C319764D640006A3B1 /* MailSendSampleTests */ = {
			isa = PBXNativeTarget;
			buildConfigurationList = E6A057D819764D640006A3B1 /* Build configuration list for PBXNativeTarget "MailSendSampleTests" */;
			buildPhases = (
				E6A057C019764D640006A3B1 /* Sources */,
				E6A057C119764D640006A3B1 /* Frameworks */,
				E6A057C219764D640006A3B1 /* Resources */,
			);
			buildRules = (
			);
			dependencies = (
				E6A057CA19764D640006A3B1 /* PBXTargetDependency */,
			);
			name = MailSendSampleTests;
			productName = MailSendSampleTests;
			productReference = E6A057C419764D640006A3B1 /* MailSendSampleTests.xctest */;
			productType = "com.apple.product-type.bundle.unit-test";
		};
/* End PBXNativeTarget section */

/* Begin PBXProject section */
		E6A0579B19764D630006A3B1 /* Project object */ = {
			isa = PBXProject;
			attributes = {
				LastUpgradeCheck = 0510;
				ORGANIZATIONNAME = Kronos;
				TargetAttributes = {
					E6A057C319764D640006A3B1 = {
						TestTargetID = E6A057A219764D640006A3B1;
					};
				};
			};
			buildConfigurationList = E6A0579E19764D630006A3B1 /* Build configuration list for PBXProject "MailSendSample" */;
			compatibilityVersion = "Xcode 3.2";
			developmentRegion = English;
			hasScannedForEncodings = 0;
			knownRegions = (
				en,
				Base,
			);
			mainGroup = E6A0579A19764D630006A3B1;
			productRefGroup = E6A057A419764D640006A3B1 /* Products */;
			projectDirPath = "";
			projectRoot = "";
			targets = (
				E6A057A219764D640006A3B1 /* MailSendSample */,
				E6A057C319764D640006A3B1 /* MailSendSampleTests */,
			);
		};
/* End PBXProject section */

/* Begin PBXResourcesBuildPhase section */
		E6A057A119764D640006A3B1 /* Resources */ = {
			isa = PBXResourcesBuildPhase;
			buildActionMask = 2147483647;
			files = (
				E6A057BF19764D640006A3B1 /* Images.xcassets in Resources */,
				E6A057B119764D640006A3B1 /* InfoPlist.strings in Resources */,
				E6A057BA19764D640006A3B1 /* Main.storyboard in Resources */,
			);
			runOnlyForDeploymentPostprocessing = 0;
		};
		E6A057C219764D640006A3B1 /* Resources */ = {
			isa = PBXResourcesBuildPhase;
			buildActionMask = 2147483647;
			files = (
				E6A057D019764D640006A3B1 /* InfoPlist.strings in Resources */,
			);
			runOnlyForDeploymentPostprocessing = 0;
		};
/* End PBXResourcesBuildPhase section */

/* Begin PBXSourcesBuildPhase section */
		E6A0579F19764D640006A3B1 /* Sources */ = {
			isa = PBXSourcesBuildPhase;
			buildActionMask = 2147483647;
			files = (
				E6A057BD19764D640006A3B1 /* ViewController.m in Sources */,
				E6DA368A197658130057843A /* UIAlertView+Blocks.m in Sources */,
				E6A057B719764D640006A3B1 /* AppDelegate.m in Sources */,
				E6A057B319764D640006A3B1 /* main.m in Sources */,
			);
			runOnlyForDeploymentPostprocessing = 0;
		};
		E6A057C019764D640006A3B1 /* Sources */ = {
			isa = PBXSourcesBuildPhase;
			buildActionMask = 2147483647;
			files = (
				E6A057D219764D640006A3B1 /* MailSendSampleTests.m in Sources */,
			);
			runOnlyForDeploymentPostprocessing = 0;
		};
/* End PBXSourcesBuildPhase section */

/* Begin PBXTargetDependency section */
		E6A057CA19764D640006A3B1 /* PBXTargetDependency */ = {
			isa = PBXTargetDependency;
			target = E6A057A219764D640006A3B1 /* MailSendSample */;
			targetProxy = E6A057C919764D640006A3B1 /* PBXContainerItemProxy */;
		};
/* End PBXTargetDependency section */

/* Begin PBXVariantGroup section */
		E6A057AF19764D640006A3B1 /* InfoPlist.strings */ = {
			isa = PBXVariantGroup;
			children = (
				E6A057B019764D640006A3B1 /* en */,
			);
			name = InfoPlist.strings;
			sourceTree = "<group>";
		};
		E6A057B819764D640006A3B1 /* Main.storyboard */ = {
			isa = PBXVariantGroup;
			children = (
				E6A057B919764D640006A3B1 /* Base */,
			);
			name = Main.storyboard;
			sourceTree = "<group>";
		};
		E6A057CE19764D640006A3B1 /* InfoPlist.strings */ = {
			isa = PBXVariantGroup;
			children = (
				E6A057CF19764D640006A3B1 /* en */,
			);
			name = InfoPlist.strings;
			sourceTree = "<group>";
		};
/* End PBXVariantGroup section */

/* Begin XCBuildConfiguration section */
		E6A057D319764D640006A3B1 /* Debug */ = {
			isa = XCBuildConfiguration;
			buildSettings = {
				ALWAYS_SEARCH_USER_PATHS = NO;
				CLANG_CXX_LANGUAGE_STANDARD = "gnu++0x";
				CLANG_CXX_LIBRARY = "libc++";
				CLANG_ENABLE_MODULES = YES;
				CLANG_ENABLE_OBJC_ARC = YES;
				CLANG_WARN_BOOL_CONVERSION = YES;
				CLANG_WARN_CONSTANT_CONVERSION = YES;
				CLANG_WARN_DIRECT_OBJC_ISA_USAGE = YES_ERROR;
				CLANG_WARN_EMPTY_BODY = YES;
				CLANG_WARN_ENUM_CONVERSION = YES;
				CLANG_WARN_INT_CONVERSION = YES;
				CLANG_WARN_OBJC_ROOT_CLASS = YES_ERROR;
				CLANG_WARN__DUPLICATE_METHOD_MATCH = YES;
				"CODE_SIGN_IDENTITY[sdk=iphoneos*]" = "iPhone Developer";
				COPY_PHASE_STRIP = NO;
				GCC_C_LANGUAGE_STANDARD = gnu99;
				GCC_DYNAMIC_NO_PIC = NO;
				GCC_OPTIMIZATION_LEVEL = 0;
				GCC_PREPROCESSOR_DEFINITIONS = (
					"DEBUG=1",
					"$(inherited)",
				);
				GCC_SYMBOLS_PRIVATE_EXTERN = NO;
				GCC_WARN_64_TO_32_BIT_CONVERSION = YES;
				GCC_WARN_ABOUT_RETURN_TYPE = YES_ERROR;
				GCC_WARN_UNDECLARED_SELECTOR = YES;
				GCC_WARN_UNINITIALIZED_AUTOS = YES_AGGRESSIVE;
				GCC_WARN_UNUSED_FUNCTION = YES;
				GCC_WARN_UNUSED_VARIABLE = YES;
				IPHONEOS_DEPLOYMENT_TARGET = 7.1;
				ONLY_ACTIVE_ARCH = YES;
				SDKROOT = iphoneos;
			};
			name = Debug;
		};
		E6A057D419764D640006A3B1 /* Release */ = {
			isa = XCBuildConfiguration;
			buildSettings = {
				ALWAYS_SEARCH_USER_PATHS = NO;
				CLANG_CXX_LANGUAGE_STANDARD = "gnu++0x";
				CLANG_CXX_LIBRARY = "libc++";
				CLANG_ENABLE_MODULES = YES;
				CLANG_ENABLE_OBJC_ARC = YES;
				CLANG_WARN_BOOL_CONVERSION = YES;
				CLANG_WARN_CONSTANT_CONVERSION = YES;
				CLANG_WARN_DIRECT_OBJC_ISA_USAGE = YES_ERROR;
				CLANG_WARN_EMPTY_BODY = YES;
				CLANG_WARN_ENUM_CONVERSION = YES;
				CLANG_WARN_INT_CONVERSION = YES;
				CLANG_WARN_OBJC_ROOT_CLASS = YES_ERROR;
				CLANG_WARN__DUPLICATE_METHOD_MATCH = YES;
				"CODE_SIGN_IDENTITY[sdk=iphoneos*]" = "iPhone Developer";
				COPY_PHASE_STRIP = YES;
				ENABLE_NS_ASSERTIONS = NO;
				GCC_C_LANGUAGE_STANDARD = gnu99;
				GCC_WARN_64_TO_32_BIT_CONVERSION = YES;
				GCC_WARN_ABOUT_RETURN_TYPE = YES_ERROR;
				GCC_WARN_UNDECLARED_SELECTOR = YES;
				GCC_WARN_UNINITIALIZED_AUTOS = YES_AGGRESSIVE;
				GCC_WARN_UNUSED_FUNCTION = YES;
				GCC_WARN_UNUSED_VARIABLE = YES;
				IPHONEOS_DEPLOYMENT_TARGET = 7.1;
				SDKROOT = iphoneos;
				VALIDATE_PRODUCT = YES;
			};
			name = Release;
		};
		E6A057D619764D640006A3B1 /* Debug */ = {
			isa = XCBuildConfiguration;
			buildSettings = {
				ASSETCATALOG_COMPILER_APPICON_NAME = AppIcon;
				ASSETCATALOG_COMPILER_LAUNCHIMAGE_NAME = LaunchImage;
				GCC_PRECOMPILE_PREFIX_HEADER = YES;
				GCC_PREFIX_HEADER = "MailSendSample/MailSendSample-Prefix.pch";
				INFOPLIST_FILE = "MailSendSample/MailSendSample-Info.plist";
				PRODUCT_NAME = "$(TARGET_NAME)";
				WRAPPER_EXTENSION = app;
			};
			name = Debug;
		};
		E6A057D719764D640006A3B1 /* Release */ = {
			isa = XCBuildConfiguration;
			buildSettings = {
				ASSETCATALOG_COMPILER_APPICON_NAME = AppIcon;
				ASSETCATALOG_COMPILER_LAUNCHIMAGE_NAME = LaunchImage;
				GCC_PRECOMPILE_PREFIX_HEADER = YES;
				GCC_PREFIX_HEADER = "MailSendSample/MailSendSample-Prefix.pch";
				INFOPLIST_FILE = "MailSendSample/MailSendSample-Info.plist";
				PRODUCT_NAME = "$(TARGET_NAME)";
				WRAPPER_EXTENSION = app;
			};
			name = Release;
		};
		E6A057D919764D640006A3B1 /* Debug */ = {
			isa = XCBuildConfiguration;
			buildSettings = {
				BUNDLE_LOADER = "$(BUILT_PRODUCTS_DIR)/MailSendSample.app/MailSendSample";
				FRAMEWORK_SEARCH_PATHS = (
					"$(SDKROOT)/Developer/Library/Frameworks",
					"$(inherited)",
					"$(DEVELOPER_FRAMEWORKS_DIR)",
				);
				GCC_PRECOMPILE_PREFIX_HEADER = YES;
				GCC_PREFIX_HEADER = "MailSendSample/MailSendSample-Prefix.pch";
				GCC_PREPROCESSOR_DEFINITIONS = (
					"DEBUG=1",
					"$(inherited)",
				);
				INFOPLIST_FILE = "MailSendSampleTests/MailSendSampleTests-Info.plist";
				PRODUCT_NAME = "$(TARGET_NAME)";
				TEST_HOST = "$(BUNDLE_LOADER)";
				WRAPPER_EXTENSION = xctest;
			};
			name = Debug;
		};
		E6A057DA19764D640006A3B1 /* Release */ = {
			isa = XCBuildConfiguration;
			buildSettings = {
				BUNDLE_LOADER = "$(BUILT_PRODUCTS_DIR)/MailSendSample.app/MailSendSample";
				FRAMEWORK_SEARCH_PATHS = (
					"$(SDKROOT)/Developer/Library/Frameworks",
					"$(inherited)",
					"$(DEVELOPER_FRAMEWORKS_DIR)",
				);
				GCC_PRECOMPILE_PREFIX_HEADER = YES;
				GCC_PREFIX_HEADER = "MailSendSample/MailSendSample-Prefix.pch";
				INFOPLIST_FILE = "MailSendSampleTests/MailSendSampleTests-Info.plist";
				PRODUCT_NAME = "$(TARGET_NAME)";
				TEST_HOST = "$(BUNDLE_LOADER)";
				WRAPPER_EXTENSION = xctest;
			};
			name = Release;
		};
/* End XCBuildConfiguration section */

/* Begin XCConfigurationList section */
		E6A0579E19764D630006A3B1 /* Build configuration list for PBXProject "MailSendSample" */ = {
			isa = XCConfigurationList;
			buildConfigurations = (
				E6A057D319764D640006A3B1 /* Debug */,
				E6A057D419764D640006A3B1 /* Release */,
			);
			defaultConfigurationIsVisible = 0;
			defaultConfigurationName = Release;
		};
		E6A057D519764D640006A3B1 /* Build configuration list for PBXNativeTarget "MailSendSample" */ = {
			isa = XCConfigurationList;
			buildConfigurations = (
				E6A057D619764D640006A3B1 /* Debug */,
				E6A057D719764D640006A3B1 /* Release */,
			);
			defaultConfigurationIsVisible = 0;
			defaultConfigurationName = Release;
		};
		E6A057D819764D640006A3B1 /* Build configuration list for PBXNativeTarget "MailSendSampleTests" */ = {
			isa = XCConfigurationList;
			buildConfigurations = (
				E6A057D919764D640006A3B1 /* Debug */,
				E6A057DA19764D640006A3B1 /* Release */,
			);
			defaultConfigurationIsVisible = 0;
			defaultConfigurationName = Release;
		};
/* End XCConfigurationList section */
	};
	rootObject = E6A0579B19764D630006A3B1 /* Project object */;
}
